
Microsoft Visual Studio Solution File, Format Version 12.00
# Visual Studio 15
Project("{FAE04EC0-301F-11D3-BF4B-00C04F79EFBC}") = "zbrozonoidWebService", "zbrozonoidWebService\zbrozonoidWebService.csproj", "{F87CB358-091C-43C4-9A26-EF1296F598F9}"
EndProject
Global
	GlobalSection(SolutionConfigurationPlatforms) = preSolution
		Debug|Any CPU = Debug|Any CPU
		Release|Any CPU = Release|Any CPU
	EndGlobalSection
	GlobalSection(ProjectConfigurationPlatforms) = postSolution
		{F87CB358-091C-43C4-9A26-EF1296F598F9}.Debug|Any CPU.ActiveCfg = Debug|Any CPU
		{F87CB358-091C-43C4-9A26-EF1296F598F9}.Debug|Any CPU.Build.0 = Debug|Any CPU
		{F87CB358-091C-43C4-9A26-EF1296F598F9}.Release|Any CPU.ActiveCfg = Release|Any CPU
		{F87CB358-091C-43C4-9A26-EF1296F598F9}.Release|Any CPU.Build.0 = Release|Any CPU
	EndGlobalSection
EndGlobal
